// !$*UTF8*$!
{
	archiveVersion = 1;
	classes = {
	};
	objectVersion = 50;
	objects = {

/* Begin PBXBuildFile section */
		F22AA57C23FC58B400C4AD20 /* AppDelegate.swift in Sources */ = {isa = PBXBuildFile; fileRef = F22AA57B23FC58B400C4AD20 /* AppDelegate.swift */; };
		F22AA57E23FC58B400C4AD20 /* SceneDelegate.swift in Sources */ = {isa = PBXBuildFile; fileRef = F22AA57D23FC58B400C4AD20 /* SceneDelegate.swift */; };
		F22AA58023FC58B400C4AD20 /* ViewController.swift in Sources */ = {isa = PBXBuildFile; fileRef = F22AA57F23FC58B400C4AD20 /* ViewController.swift */; };
		F22AA58323FC58B400C4AD20 /* Main.storyboard in Resources */ = {isa = PBXBuildFile; fileRef = F22AA58123FC58B400C4AD20 /* Main.storyboard */; };
		F22AA58523FC58B600C4AD20 /* Assets.xcassets in Resources */ = {isa = PBXBuildFile; fileRef = F22AA58423FC58B600C4AD20 /* Assets.xcassets */; };
		F22AA58823FC58B600C4AD20 /* LaunchScreen.storyboard in Resources */ = {isa = PBXBuildFile; fileRef = F22AA58623FC58B600C4AD20 /* LaunchScreen.storyboard */; };
		F22AA59023FC58E100C4AD20 /* Record.swift in Sources */ = {isa = PBXBuildFile; fileRef = F22AA58F23FC58E100C4AD20 /* Record.swift */; };
/* End PBXBuildFile section */

/* Begin PBXFileReference section */
		F22AA57823FC58B400C4AD20 /* QA_4.app */ = {isa = PBXFileReference; explicitFileType = wrapper.application; includeInIndex = 0; path = QA_4.app; sourceTree = BUILT_PRODUCTS_DIR; };
		F22AA57B23FC58B400C4AD20 /* AppDelegate.swift */ = {isa = PBXFileReference; lastKnownFileType = sourcecode.swift; path = AppDelegate.swift; sourceTree = "<group>"; };
		F22AA57D23FC58B400C4AD20 /* SceneDelegate.swift */ = {isa = PBXFileReference; lastKnownFileType = sourcecode.swift; path = SceneDelegate.swift; sourceTree = "<group>"; };
		F22AA57F23FC58B400C4AD20 /* ViewController.swift */ = {isa = PBXFileReference; lastKnownFileType = sourcecode.swift; path = ViewController.swift; sourceTree = "<group>"; };
		F22AA58223FC58B400C4AD20 /* Base */ = {isa = PBXFileReference; lastKnownFileType = file.storyboard; name = Base; path = Base.lproj/Main.storyboard; sourceTree = "<group>"; };
		F22AA58423FC58B600C4AD20 /* Assets.xcassets */ = {isa = PBXFileReference; lastKnownFileType = folder.assetcatalog; path = Assets.xcassets; sourceTree = "<group>"; };
		F22AA58723FC58B600C4AD20 /* Base */ = {isa = PBXFileReference; lastKnownFileType = file.storyboard; name = Base; path = Base.lproj/LaunchScreen.storyboard; sourceTree = "<group>"; };
		F22AA58923FC58B600C4AD20 /* Info.plist */ = {isa = PBXFileReference; lastKnownFileType = text.plist.xml; path = Info.plist; sourceTree = "<group>"; };
		F22AA58F23FC58E100C4AD20 /* Record.swift */ = {isa = PBXFileReference; lastKnownFileType = sourcecode.swift; path = Record.swift; sourceTree = "<group>"; };
/* End PBXFileReference section */

/* Begin PBXFrameworksBuildPhase section */
		F22AA57523FC58B400C4AD20 /* Frameworks */ = {
			isa = PBXFrameworksBuildPhase;
			buildActionMask = 2147483647;
			files = (
			);
			runOnlyForDeploymentPostprocessing = 0;
		};
/* End PBXFrameworksBuildPhase section */

/* Begin PBXGroup section */
		F22AA56F23FC58B400C4AD20 = {
			isa = PBXGroup;
			children = (
				F22AA57A23FC58B400C4AD20 /* QA_4 */,
				F22AA57923FC58B400C4AD20 /* Products */,
			);
			sourceTree = "<group>";
		};
		F22AA57923FC58B400C4AD20 /* Products */ = {
			isa = PBXGroup;
			children = (
				F22AA57823FC58B400C4AD20 /* QA_4.app */,
			);
			name = Products;
			sourceTree = "<group>";
		};
		F22AA57A23FC58B400C4AD20 /* QA_4 */ = {
			isa = PBXGroup;
			children = (
				F22AA57B23FC58B400C4AD20 /* AppDelegate.swift */,
				F22AA57D23FC58B400C4AD20 /* SceneDelegate.swift */,
				F22AA58F23FC58E100C4AD20 /* Record.swift */,
				F22AA57F23FC58B400C4AD20 /* ViewController.swift */,
				F22AA58123FC58B400C4AD20 /* Main.storyboard */,
				F22AA58423FC58B600C4AD20 /* Assets.xcassets */,
				F22AA58623FC58B600C4AD20 /* LaunchScreen.storyboard */,
				F22AA58923FC58B600C4AD20 /* Info.plist */,
			);
			path = QA_4;
			sourceTree = "<group>";
		};
/* End PBXGroup section */

/* Begin PBXNativeTarget section */
		F22AA57723FC58B400C4AD20 /* QA_4 */ = {
			isa = PBXNativeTarget;
			buildConfigurationList = F22AA58C23FC58B600C4AD20 /* Build configuration list for PBXNativeTarget "QA_4" */;
			buildPhases = (
				F22AA57423FC58B400C4AD20 /* Sources */,
				F22AA57523FC58B400C4AD20 /* Frameworks */,
				F22AA57623FC58B400C4AD20 /* Resources */,
			);
			buildRules = (
			);
			dependencies = (
			);
			name = QA_4;
			productName = QA_4;
			productReference = F22AA57823FC58B400C4AD20 /* QA_4.app */;
			productType = "com.apple.product-type.application";
		};
/* End PBXNativeTarget section */

/* Begin PBXProject section */
		F22AA57023FC58B400C4AD20 /* Project object */ = {
			isa = PBXProject;
			attributes = {
				LastSwiftUpdateCheck = 1120;
				LastUpgradeCheck = 1120;
				ORGANIZATIONNAME = "REYNIKOV ANTON";
				TargetAttributes = {
					F22AA57723FC58B400C4AD20 = {
						CreatedOnToolsVersion = 11.2.1;
					};
				};
			};
			buildConfigurationList = F22AA57323FC58B400C4AD20 /* Build configuration list for PBXProject "QA_4" */;
			compatibilityVersion = "Xcode 9.3";
			developmentRegion = en;
			hasScannedForEncodings = 0;
			knownRegions = (
				en,
				Base,
			);
			mainGroup = F22AA56F23FC58B400C4AD20;
			productRefGroup = F22AA57923FC58B400C4AD20 /* Products */;
			projectDirPath = "";
			projectRoot = "";
			targets = (
				F22AA57723FC58B400C4AD20 /* QA_4 */,
			);
		};
/* End PBXProject section */

/* Begin PBXResourcesBuildPhase section */
		F22AA57623FC58B400C4AD20 /* Resources */ = {
			isa = PBXResourcesBuildPhase;
			buildActionMask = 2147483647;
			files = (
				F22AA58823FC58B600C4AD20 /* LaunchScreen.storyboard in Resources */,
				F22AA58523FC58B600C4AD20 /* Assets.xcassets in Resources */,
				F22AA58323FC58B400C4AD20 /* Main.storyboard in Resources */,
			);
			runOnlyForDeploymentPostprocessing = 0;
		};
/* End PBXResourcesBuildPhase section */

/* Begin PBXSourcesBuildPhase section */
		F22AA57423FC58B400C4AD20 /* Sources */ = {
			isa = PBXSourcesBuildPhase;
			buildActionMask = 2147483647;
			files = (
				F22AA58023FC58B400C4AD20 /* ViewController.swift in Sources */,
				F22AA57C23FC58B400C4AD20 /* AppDelegate.swift in Sources */,
				F22AA59023FC58E100C4AD20 /* Record.swift in Sources */,
				F22AA57E23FC58B400C4AD20 /* SceneDelegate.swift in Sources */,
			);
			runOnlyForDeploymentPostprocessing = 0;
		};
/* End PBXSourcesBuildPhase section */

/* Begin PBXVariantGroup section */
		F22AA58123FC58B400C4AD20 /* Main.storyboard */ = {
			isa = PBXVariantGroup;
			children = (
				F22AA58223FC58B400C4AD20 /* Base */,
			);
			name = Main.storyboard;
			sourceTree = "<group>";
		};
		F22AA58623FC58B600C4AD20 /* LaunchScreen.storyboard */ = {
			isa = PBXVariantGroup;
			children = (
				F22AA58723FC58B600C4AD20 /* Base */,
			);
			name = LaunchScreen.storyboard;
			sourceTree = "<group>";
		};
/* End PBXVariantGroup section */

/* Begin XCBuildConfiguration section */
		F22AA58A23FC58B600C4AD20 /* Debug */ = {
			isa = XCBuildConfiguration;
			buildSettings = {
				ALWAYS_SEARCH_USER_PATHS = NO;
				CLANG_ANALYZER_NONNULL = YES;
				CLANG_ANALYZER_NUMBER_OBJECT_CONVERSION = YES_AGGRESSIVE;
				CLANG_CXX_LANGUAGE_STANDARD = "gnu++14";
				CLANG_CXX_LIBRARY = "libc++";
				CLANG_ENABLE_MODULES = YES;
				CLANG_ENABLE_OBJC_ARC = YES;
				CLANG_ENABLE_OBJC_WEAK = YES;
				CLANG_WARN_BLOCK_CAPTURE_AUTORELEASING = YES;
				CLANG_WARN_BOOL_CONVERSION = YES;
				CLANG_WARN_COMMA = YES;
				CLANG_WARN_CONSTANT_CONVERSION = YES;
				CLANG_WARN_DEPRECATED_OBJC_IMPLEMENTATIONS = YES;
				CLANG_WARN_DIRECT_OBJC_ISA_USAGE = YES_ERROR;
				CLANG_WARN_DOCUMENTATION_COMMENTS = YES;
				CLANG_WARN_EMPTY_BODY = YES;
				CLANG_WARN_ENUM_CONVERSION = YES;
				CLANG_WARN_INFINITE_RECURSION = YES;
				CLANG_WARN_INT_CONVERSION = YES;
				CLANG_WARN_NON_LITERAL_NULL_CONVERSION = YES;
				CLANG_WARN_OBJC_IMPLICIT_RETAIN_SELF = YES;
				CLANG_WARN_OBJC_LITERAL_CONVERSION = YES;
				CLANG_WARN_OBJC_ROOT_CLASS = YES_ERROR;
				CLANG_WARN_RANGE_LOOP_ANALYSIS = YES;
				CLANG_WARN_STRICT_PROTOTYPES = YES;
				CLANG_WARN_SUSPICIOUS_MOVE = YES;
				CLANG_WARN_UNGUARDED_AVAILABILITY = YES_AGGRESSIVE;
				CLANG_WARN_UNREACHABLE_CODE = YES;
				CLANG_WARN__DUPLICATE_METHOD_MATCH = YES;
				COPY_PHASE_STRIP = NO;
				DEBUG_INFORMATION_FORMAT = dwarf;
				ENABLE_STRICT_OBJC_MSGSEND = YES;
				ENABLE_TESTABILITY = YES;
				GCC_C_LANGUAGE_STANDARD = gnu11;
				GCC_DYNAMIC_NO_PIC = NO;
				GCC_NO_COMMON_BLOCKS = YES;
				GCC_OPTIMIZATION_LEVEL = 0;
				GCC_PREPROCESSOR_DEFINITIONS = (
					"DEBUG=1",
					"$(inherited)",
				);
				GCC_WARN_64_TO_32_BIT_CONVERSION = YES;
				GCC_WARN_ABOUT_RETURN_TYPE = YES_ERROR;
				GCC_WARN_UNDECLARED_SELECTOR = YES;
				GCC_WARN_UNINITIALIZED_AUTOS = YES_AGGRESSIVE;
				GCC_WARN_UNUSED_FUNCTION = YES;
				GCC_WARN_UNUSED_VARIABLE = YES;
				IPHONEOS_DEPLOYMENT_TARGET = 13.2;
				MTL_ENABLE_DEBUG_INFO = INCLUDE_SOURCE;
				MTL_FAST_MATH = YES;
				ONLY_ACTIVE_ARCH = YES;
				SDKROOT = iphoneos;
				SWIFT_ACTIVE_COMPILATION_CONDITIONS = DEBUG;
				SWIFT_OPTIMIZATION_LEVEL = "-Onone";
			};
			name = Debug;
		};
		F22AA58B23FC58B600C4AD20 /* Release */ = {
			isa = XCBuildConfiguration;
			buildSettings = {
				ALWAYS_SEARCH_USER_PATHS = NO;
				CLANG_ANALYZER_NONNULL = YES;
				CLANG_ANALYZER_NUMBER_OBJECT_CONVERSION = YES_AGGRESSIVE;
				CLANG_CXX_LANGUAGE_STANDARD = "gnu++14";
				CLANG_CXX_LIBRARY = "libc++";
				CLANG_ENABLE_MODULES = YES;
				CLANG_ENABLE_OBJC_ARC = YES;
				CLANG_ENABLE_OBJC_WEAK = YES;
				CLANG_WARN_BLOCK_CAPTURE_AUTORELEASING = YES;
				CLANG_WARN_BOOL_CONVERSION = YES;
				CLANG_WARN_COMMA = YES;
				CLANG_WARN_CONSTANT_CONVERSION = YES;
				CLANG_WARN_DEPRECATED_OBJC_IMPLEMENTATIONS = YES;
				CLANG_WARN_DIRECT_OBJC_ISA_USAGE = YES_ERROR;
				CLANG_WARN_DOCUMENTATION_COMMENTS = YES;
				CLANG_WARN_EMPTY_BODY = YES;
				CLANG_WARN_ENUM_CONVERSION = YES;
				CLANG_WARN_INFINITE_RECURSION = YES;
				CLANG_WARN_INT_CONVERSION = YES;
				CLANG_WARN_NON_LITERAL_NULL_CONVERSION = YES;
				CLANG_WARN_OBJC_IMPLICIT_RETAIN_SELF = YES;
				CLANG_WARN_OBJC_LITERAL_CONVERSION = YES;
				CLANG_WARN_OBJC_ROOT_CLASS = YES_ERROR;
				CLANG_WARN_RANGE_LOOP_ANALYSIS = YES;
				CLANG_WARN_STRICT_PROTOTYPES = YES;
				CLANG_WARN_SUSPICIOUS_MOVE = YES;
				CLANG_WARN_UNGUARDED_AVAILABILITY = YES_AGGRESSIVE;
				CLANG_WARN_UNREACHABLE_CODE = YES;
				CLANG_WARN__DUPLICATE_METHOD_MATCH = YES;
				COPY_PHASE_STRIP = NO;
				DEBUG_INFORMATION_FORMAT = "dwarf-with-dsym";
				ENABLE_NS_ASSERTIONS = NO;
				ENABLE_STRICT_OBJC_MSGSEND = YES;
				GCC_C_LANGUAGE_STANDARD = gnu11;
				GCC_NO_COMMON_BLOCKS = YES;
				GCC_WARN_64_TO_32_BIT_CONVERSION = YES;
				GCC_WARN_ABOUT_RETURN_TYPE = YES_ERROR;
				GCC_WARN_UNDECLARED_SELECTOR = YES;
				GCC_WARN_UNINITIALIZED_AUTOS = YES_AGGRESSIVE;
				GCC_WARN_UNUSED_FUNCTION = YES;
				GCC_WARN_UNUSED_VARIABLE = YES;
				IPHONEOS_DEPLOYMENT_TARGET = 13.2;
				MTL_ENABLE_DEBUG_INFO = NO;
				MTL_FAST_MATH = YES;
				SDKROOT = iphoneos;
				SWIFT_COMPILATION_MODE = wholemodule;
				SWIFT_OPTIMIZATION_LEVEL = "-O";
				VALIDATE_PRODUCT = YES;
			};
			name = Release;
		};
		F22AA58D23FC58B600C4AD20 /* Debug */ = {
			isa = XCBuildConfiguration;
			buildSettings = {
				ASSETCATALOG_COMPILER_APPICON_NAME = AppIcon;
				CODE_SIGN_STYLE = Automatic;
				DEVELOPMENT_TEAM = EB6R5QS764;
				INFOPLIST_FILE = QA_4/Info.plist;
				LD_RUNPATH_SEARCH_PATHS = (
					"$(inherited)",
					"@executable_path/Frameworks",
				);
				PRODUCT_BUNDLE_IDENTIFIER = "deltaTOxaREY.QA-4";
				PRODUCT_NAME = "$(TARGET_NAME)";
				SWIFT_VERSION = 5.0;
				TARGETED_DEVICE_FAMILY = "1,2";
			};
			name = Debug;
		};
		F22AA58E23FC58B600C4AD20 /* Release */ = {
			isa = XCBuildConfiguration;
			buildSettings = {
				ASSETCATALOG_COMPILER_APPICON_NAME = AppIcon;
				CODE_SIGN_STYLE = Automatic;
				DEVELOPMENT_TEAM = EB6R5QS764;
				INFOPLIST_FILE = QA_4/Info.plist;
				LD_RUNPATH_SEARCH_PATHS = (
					"$(inherited)",
					"@executable_path/Frameworks",
				);
				PRODUCT_BUNDLE_IDENTIFIER = "deltaTOxaREY.QA-4";
				PRODUCT_NAME = "$(TARGET_NAME)";
				SWIFT_VERSION = 5.0;
				TARGETED_DEVICE_FAMILY = "1,2";
			};
			name = Release;
		};
/* End XCBuildConfiguration section */

/* Begin XCConfigurationList section */
		F22AA57323FC58B400C4AD20 /* Build configuration list for PBXProject "QA_4" */ = {
			isa = XCConfigurationList;
			buildConfigurations = (
				F22AA58A23FC58B600C4AD20 /* Debug */,
				F22AA58B23FC58B600C4AD20 /* Release */,
			);
			defaultConfigurationIsVisible = 0;
			defaultConfigurationName = Release;
		};
		F22AA58C23FC58B600C4AD20 /* Build configuration list for PBXNativeTarget "QA_4" */ = {
			isa = XCConfigurationList;
			buildConfigurations = (
				F22AA58D23FC58B600C4AD20 /* Debug */,
				F22AA58E23FC58B600C4AD20 /* Release */,
			);
			defaultConfigurationIsVisible = 0;
			defaultConfigurationName = Release;
		};
/* End XCConfigurationList section */
	};
	rootObject = F22AA57023FC58B400C4AD20 /* Project object */;
}
